
Microsoft Visual Studio Solution File, Format Version 12.00
# Visual Studio Version 17
VisualStudioVersion = 17.7.34202.233
MinimumVisualStudioVersion = 10.0.40219.1
Project("{9A19103F-16F7-4668-BE54-9A1E7A4F7556}") = "HuffmanCoding", "ConsoleApp21\HuffmanCoding.csproj", "{EE30B8DE-8290-4C00-AEE8-CE24CFCD3C07}"
EndProject
Global
	GlobalSection(SolutionConfigurationPlatforms) = preSolution
		Debug|Any CPU = Debug|Any CPU
		Release|Any CPU = Release|Any CPU
	EndGlobalSection
	GlobalSection(ProjectConfigurationPlatforms) = postSolution
		{EE30B8DE-8290-4C00-AEE8-CE24CFCD3C07}.Debug|Any CPU.ActiveCfg = Debug|Any CPU
		{EE30B8DE-8290-4C00-AEE8-CE24CFCD3C07}.Debug|Any CPU.Build.0 = Debug|Any CPU
		{EE30B8DE-8290-4C00-AEE8-CE24CFCD3C07}.Release|Any CPU.ActiveCfg = Release|Any CPU
		{EE30B8DE-8290-4C00-AEE8-CE24CFCD3C07}.Release|Any CPU.Build.0 = Release|Any CPU
	EndGlobalSection
	GlobalSection(SolutionProperties) = preSolution
		HideSolutionNode = FALSE
	EndGlobalSection
	GlobalSection(ExtensibilityGlobals) = postSolution
		SolutionGuid = {53663720-1575-4972-89BC-40F3CEEE07A5}
	EndGlobalSection
EndGlobal
